
Microsoft Visual Studio Solution File, Format Version 12.00
# Visual Studio 15
VisualStudioVersion = 15.0.26228.4
MinimumVisualStudioVersion = 10.0.40219.1
Project("{FAE04EC0-301F-11D3-BF4B-00C04F79EFBC}") = "All", "All\All.csproj", "{92AF9A7E-3CB6-4F1A-8C1D-DD5FE7182AD0}"
EndProject
Project("{FAE04EC0-301F-11D3-BF4B-00C04F79EFBC}") = "All.XUnitTests", "All.XUnitTests\All.XUnitTests.csproj", "{7B20DFBF-AE05-4372-8F95-A6A1B100E64C}"
EndProject
Global
	GlobalSection(SolutionConfigurationPlatforms) = preSolution
		Debug|Any CPU = Debug|Any CPU
		Release|Any CPU = Release|Any CPU
	EndGlobalSection
	GlobalSection(ProjectConfigurationPlatforms) = postSolution
		{92AF9A7E-3CB6-4F1A-8C1D-DD5FE7182AD0}.Debug|Any CPU.ActiveCfg = Debug|Any CPU
		{92AF9A7E-3CB6-4F1A-8C1D-DD5FE7182AD0}.Debug|Any CPU.Build.0 = Debug|Any CPU
		{92AF9A7E-3CB6-4F1A-8C1D-DD5FE7182AD0}.Release|Any CPU.ActiveCfg = Release|Any CPU
		{92AF9A7E-3CB6-4F1A-8C1D-DD5FE7182AD0}.Release|Any CPU.Build.0 = Release|Any CPU
		{7B20DFBF-AE05-4372-8F95-A6A1B100E64C}.Debug|Any CPU.ActiveCfg = Debug|Any CPU
		{7B20DFBF-AE05-4372-8F95-A6A1B100E64C}.Debug|Any CPU.Build.0 = Debug|Any CPU
		{7B20DFBF-AE05-4372-8F95-A6A1B100E64C}.Release|Any CPU.ActiveCfg = Release|Any CPU
		{7B20DFBF-AE05-4372-8F95-A6A1B100E64C}.Release|Any CPU.Build.0 = Release|Any CPU
	EndGlobalSection
	GlobalSection(SolutionProperties) = preSolution
		HideSolutionNode = FALSE
	EndGlobalSection
EndGlobal
